
Microsoft Visual Studio Solution File, Format Version 12.00
Project("{FAE04EC0-301F-11D3-BF4B-00C04F79EFBC}") = "L7 Take Home", "L7 Take Home\L7 Take Home.csproj", "{20FBA5D2-1C23-4EEE-9B20-D0F6475B5B73}"
EndProject
Global
	GlobalSection(SolutionConfigurationPlatforms) = preSolution
		Debug|Any CPU = Debug|Any CPU
		Release|Any CPU = Release|Any CPU
	EndGlobalSection
	GlobalSection(ProjectConfigurationPlatforms) = postSolution
		{20FBA5D2-1C23-4EEE-9B20-D0F6475B5B73}.Debug|Any CPU.ActiveCfg = Debug|Any CPU
		{20FBA5D2-1C23-4EEE-9B20-D0F6475B5B73}.Debug|Any CPU.Build.0 = Debug|Any CPU
		{20FBA5D2-1C23-4EEE-9B20-D0F6475B5B73}.Release|Any CPU.ActiveCfg = Release|Any CPU
		{20FBA5D2-1C23-4EEE-9B20-D0F6475B5B73}.Release|Any CPU.Build.0 = Release|Any CPU
	EndGlobalSection
EndGlobal
